
Microsoft Visual Studio Solution File, Format Version 12.00
# Visual Studio Version 16
VisualStudioVersion = 16.0.30225.117
MinimumVisualStudioVersion = 10.0.40219.1
Project("{9A19103F-16F7-4668-BE54-9A1E7A4F7556}") = "obf-dotnet", "obf-dotnet\obf-dotnet.csproj", "{00A3BDC9-0873-4A6C-93FE-75B519F07D99}"
EndProject
Project("{9A19103F-16F7-4668-BE54-9A1E7A4F7556}") = "obf-cli", "obf-cli\obf-cli.csproj", "{857D1458-46BB-4AD2-950F-260E1ECE9EF9}"
EndProject
Global
	GlobalSection(SolutionConfigurationPlatforms) = preSolution
		Debug|Any CPU = Debug|Any CPU
		Release|Any CPU = Release|Any CPU
	EndGlobalSection
	GlobalSection(ProjectConfigurationPlatforms) = postSolution
		{00A3BDC9-0873-4A6C-93FE-75B519F07D99}.Debug|Any CPU.ActiveCfg = Debug|Any CPU
		{00A3BDC9-0873-4A6C-93FE-75B519F07D99}.Debug|Any CPU.Build.0 = Debug|Any CPU
		{00A3BDC9-0873-4A6C-93FE-75B519F07D99}.Release|Any CPU.ActiveCfg = Release|Any CPU
		{00A3BDC9-0873-4A6C-93FE-75B519F07D99}.Release|Any CPU.Build.0 = Release|Any CPU
		{857D1458-46BB-4AD2-950F-260E1ECE9EF9}.Debug|Any CPU.ActiveCfg = Debug|Any CPU
		{857D1458-46BB-4AD2-950F-260E1ECE9EF9}.Debug|Any CPU.Build.0 = Debug|Any CPU
		{857D1458-46BB-4AD2-950F-260E1ECE9EF9}.Release|Any CPU.ActiveCfg = Release|Any CPU
		{857D1458-46BB-4AD2-950F-260E1ECE9EF9}.Release|Any CPU.Build.0 = Release|Any CPU
	EndGlobalSection
	GlobalSection(SolutionProperties) = preSolution
		HideSolutionNode = FALSE
	EndGlobalSection
	GlobalSection(ExtensibilityGlobals) = postSolution
		SolutionGuid = {81FE94AF-3AEE-40E8-A7CF-2FBCA79174D6}
	EndGlobalSection
EndGlobal
